// !$*UTF8*$!
{
	archiveVersion = 1;
	classes = {
	};
	objectVersion = 51;
	objects = {

/* Begin PBXBuildFile section */
		1168D1A126688B6C00C6C6FC /* AppDelegate.swift in Sources */ = {isa = PBXBuildFile; fileRef = 1168D1A026688B6C00C6C6FC /* AppDelegate.swift */; };
		1168D1AA26688B6F00C6C6FC /* Assets.xcassets in Resources */ = {isa = PBXBuildFile; fileRef = 1168D1A926688B6F00C6C6FC /* Assets.xcassets */; };
		1168D1AD26688B6F00C6C6FC /* LaunchScreen.storyboard in Resources */ = {isa = PBXBuildFile; fileRef = 1168D1AB26688B6F00C6C6FC /* LaunchScreen.storyboard */; };
		1168D1B826688B6F00C6C6FC /* MovieDBTests.swift in Sources */ = {isa = PBXBuildFile; fileRef = 1168D1B726688B6F00C6C6FC /* MovieDBTests.swift */; };
		1168D1C626688ED500C6C6FC /* AppContainer.swift in Sources */ = {isa = PBXBuildFile; fileRef = 1168D1C526688ED500C6C6FC /* AppContainer.swift */; };
		1168D1C826688EF400C6C6FC /* AppRouter.swift in Sources */ = {isa = PBXBuildFile; fileRef = 1168D1C726688EF400C6C6FC /* AppRouter.swift */; };
		1168D1CC26688F4C00C6C6FC /* MainViewPresenter.swift in Sources */ = {isa = PBXBuildFile; fileRef = 1168D1CB26688F4C00C6C6FC /* MainViewPresenter.swift */; };
		1168D1CF26688FD800C6C6FC /* BaseNavigationController.swift in Sources */ = {isa = PBXBuildFile; fileRef = 1168D1CE26688FD800C6C6FC /* BaseNavigationController.swift */; };
		1168D1D22668902700C6C6FC /* HexToColor.swift in Sources */ = {isa = PBXBuildFile; fileRef = 1168D1D12668902700C6C6FC /* HexToColor.swift */; };
		1168D1D72668916600C6C6FC /* Search.storyboard in Resources */ = {isa = PBXBuildFile; fileRef = 1168D1D62668916600C6C6FC /* Search.storyboard */; };
		1168D1D92668918F00C6C6FC /* SearchViewController.swift in Sources */ = {isa = PBXBuildFile; fileRef = 1168D1D82668918F00C6C6FC /* SearchViewController.swift */; };
		1168D1DB2668979000C6C6FC /* MainViewController.swift in Sources */ = {isa = PBXBuildFile; fileRef = 1168D1DA2668979000C6C6FC /* MainViewController.swift */; };
		1168D1DD2668989E00C6C6FC /* SearchBuilder.swift in Sources */ = {isa = PBXBuildFile; fileRef = 1168D1DC2668989E00C6C6FC /* SearchBuilder.swift */; };
		1168D1DF266898D200C6C6FC /* SearchContracts.swift in Sources */ = {isa = PBXBuildFile; fileRef = 1168D1DE266898D200C6C6FC /* SearchContracts.swift */; };
		1168D1E22668998500C6C6FC /* Media.swift in Sources */ = {isa = PBXBuildFile; fileRef = 1168D1E12668998500C6C6FC /* Media.swift */; };
		1168D1E426689B8D00C6C6FC /* SearchRouter.swift in Sources */ = {isa = PBXBuildFile; fileRef = 1168D1E326689B8D00C6C6FC /* SearchRouter.swift */; };
		1168D1E626689BD700C6C6FC /* SearchInteractor.swift in Sources */ = {isa = PBXBuildFile; fileRef = 1168D1E526689BD700C6C6FC /* SearchInteractor.swift */; };
		1168D1E926689C2800C6C6FC /* APIService.swift in Sources */ = {isa = PBXBuildFile; fileRef = 1168D1E826689C2800C6C6FC /* APIService.swift */; };
		1168D1EB26689CA000C6C6FC /* SearchPresenter.swift in Sources */ = {isa = PBXBuildFile; fileRef = 1168D1EA26689CA000C6C6FC /* SearchPresenter.swift */; };
		1168D1EE2668A72100C6C6FC /* MovieGridCell.swift in Sources */ = {isa = PBXBuildFile; fileRef = 1168D1ED2668A72100C6C6FC /* MovieGridCell.swift */; };
		1168D1F12668B29600C6C6FC /* MediaList.storyboard in Resources */ = {isa = PBXBuildFile; fileRef = 1168D1F02668B29600C6C6FC /* MediaList.storyboard */; };
		1168D1F32668B2EF00C6C6FC /* MediaListRouter.swift in Sources */ = {isa = PBXBuildFile; fileRef = 1168D1F22668B2EF00C6C6FC /* MediaListRouter.swift */; };
		1168D1F52668B31F00C6C6FC /* MediaListPresenter.swift in Sources */ = {isa = PBXBuildFile; fileRef = 1168D1F42668B31F00C6C6FC /* MediaListPresenter.swift */; };
		1168D1F72668B33900C6C6FC /* MediaListContracts.swift in Sources */ = {isa = PBXBuildFile; fileRef = 1168D1F62668B33900C6C6FC /* MediaListContracts.swift */; };
		1168D1F92668B35F00C6C6FC /* MediaListBuilder.swift in Sources */ = {isa = PBXBuildFile; fileRef = 1168D1F82668B35E00C6C6FC /* MediaListBuilder.swift */; };
		1168D1FB2668B37600C6C6FC /* MediaListViewController.swift in Sources */ = {isa = PBXBuildFile; fileRef = 1168D1FA2668B37600C6C6FC /* MediaListViewController.swift */; };
		1168D1FE2668B3A300C6C6FC /* MediaListTableViewCell.swift in Sources */ = {isa = PBXBuildFile; fileRef = 1168D1FD2668B3A300C6C6FC /* MediaListTableViewCell.swift */; };
		1168D2022668B40600C6C6FC /* RoundedView.swift in Sources */ = {isa = PBXBuildFile; fileRef = 1168D2012668B40600C6C6FC /* RoundedView.swift */; };
		1168D2042668B5FB00C6C6FC /* ShadowView.swift in Sources */ = {isa = PBXBuildFile; fileRef = 1168D2032668B5FB00C6C6FC /* ShadowView.swift */; };
		28DE9C77D3CE92A1B6AEFA11 /* Pods_MovieDBTests.framework in Frameworks */ = {isa = PBXBuildFile; fileRef = 22307E015E7C97B37CCE0A93 /* Pods_MovieDBTests.framework */; };
		BADA911DBD0429B8FF32408C /* Pods_MovieDB.framework in Frameworks */ = {isa = PBXBuildFile; fileRef = E35E9CBE8342794E08799D6B /* Pods_MovieDB.framework */; };
/* End PBXBuildFile section */

/* Begin PBXContainerItemProxy section */
		1168D1B426688B6F00C6C6FC /* PBXContainerItemProxy */ = {
			isa = PBXContainerItemProxy;
			containerPortal = 1168D19526688B6C00C6C6FC /* Project object */;
			proxyType = 1;
			remoteGlobalIDString = 1168D19C26688B6C00C6C6FC;
			remoteInfo = MovieDB;
		};
/* End PBXContainerItemProxy section */

/* Begin PBXFileReference section */
		1168D19D26688B6C00C6C6FC /* MovieDB.app */ = {isa = PBXFileReference; explicitFileType = wrapper.application; includeInIndex = 0; path = MovieDB.app; sourceTree = BUILT_PRODUCTS_DIR; };
		1168D1A026688B6C00C6C6FC /* AppDelegate.swift */ = {isa = PBXFileReference; lastKnownFileType = sourcecode.swift; path = AppDelegate.swift; sourceTree = "<group>"; };
		1168D1A926688B6F00C6C6FC /* Assets.xcassets */ = {isa = PBXFileReference; lastKnownFileType = folder.assetcatalog; path = Assets.xcassets; sourceTree = "<group>"; };
		1168D1AC26688B6F00C6C6FC /* Base */ = {isa = PBXFileReference; lastKnownFileType = file.storyboard; name = Base; path = Base.lproj/LaunchScreen.storyboard; sourceTree = "<group>"; };
		1168D1AE26688B6F00C6C6FC /* Info.plist */ = {isa = PBXFileReference; lastKnownFileType = text.plist.xml; path = Info.plist; sourceTree = "<group>"; };
		1168D1B326688B6F00C6C6FC /* MovieDBTests.xctest */ = {isa = PBXFileReference; explicitFileType = wrapper.cfbundle; includeInIndex = 0; path = MovieDBTests.xctest; sourceTree = BUILT_PRODUCTS_DIR; };
		1168D1B726688B6F00C6C6FC /* MovieDBTests.swift */ = {isa = PBXFileReference; lastKnownFileType = sourcecode.swift; path = MovieDBTests.swift; sourceTree = "<group>"; };
		1168D1B926688B6F00C6C6FC /* Info.plist */ = {isa = PBXFileReference; lastKnownFileType = text.plist.xml; path = Info.plist; sourceTree = "<group>"; };
		1168D1C526688ED500C6C6FC /* AppContainer.swift */ = {isa = PBXFileReference; lastKnownFileType = sourcecode.swift; path = AppContainer.swift; sourceTree = "<group>"; };
		1168D1C726688EF400C6C6FC /* AppRouter.swift */ = {isa = PBXFileReference; lastKnownFileType = sourcecode.swift; path = AppRouter.swift; sourceTree = "<group>"; };
		1168D1CB26688F4C00C6C6FC /* MainViewPresenter.swift */ = {isa = PBXFileReference; lastKnownFileType = sourcecode.swift; path = MainViewPresenter.swift; sourceTree = "<group>"; };
		1168D1CE26688FD800C6C6FC /* BaseNavigationController.swift */ = {isa = PBXFileReference; lastKnownFileType = sourcecode.swift; path = BaseNavigationController.swift; sourceTree = "<group>"; };
		1168D1D12668902700C6C6FC /* HexToColor.swift */ = {isa = PBXFileReference; lastKnownFileType = sourcecode.swift; path = HexToColor.swift; sourceTree = "<group>"; };
		1168D1D62668916600C6C6FC /* Search.storyboard */ = {isa = PBXFileReference; lastKnownFileType = file.storyboard; path = Search.storyboard; sourceTree = "<group>"; };
		1168D1D82668918F00C6C6FC /* SearchViewController.swift */ = {isa = PBXFileReference; lastKnownFileType = sourcecode.swift; path = SearchViewController.swift; sourceTree = "<group>"; };
		1168D1DA2668979000C6C6FC /* MainViewController.swift */ = {isa = PBXFileReference; lastKnownFileType = sourcecode.swift; path = MainViewController.swift; sourceTree = "<group>"; };
		1168D1DC2668989E00C6C6FC /* SearchBuilder.swift */ = {isa = PBXFileReference; lastKnownFileType = sourcecode.swift; path = SearchBuilder.swift; sourceTree = "<group>"; };
		1168D1DE266898D200C6C6FC /* SearchContracts.swift */ = {isa = PBXFileReference; lastKnownFileType = sourcecode.swift; path = SearchContracts.swift; sourceTree = "<group>"; };
		1168D1E12668998500C6C6FC /* Media.swift */ = {isa = PBXFileReference; lastKnownFileType = sourcecode.swift; path = Media.swift; sourceTree = "<group>"; };
		1168D1E326689B8D00C6C6FC /* SearchRouter.swift */ = {isa = PBXFileReference; lastKnownFileType = sourcecode.swift; path = SearchRouter.swift; sourceTree = "<group>"; };
		1168D1E526689BD700C6C6FC /* SearchInteractor.swift */ = {isa = PBXFileReference; lastKnownFileType = sourcecode.swift; path = SearchInteractor.swift; sourceTree = "<group>"; };
		1168D1E826689C2800C6C6FC /* APIService.swift */ = {isa = PBXFileReference; lastKnownFileType = sourcecode.swift; path = APIService.swift; sourceTree = "<group>"; };
		1168D1EA26689CA000C6C6FC /* SearchPresenter.swift */ = {isa = PBXFileReference; lastKnownFileType = sourcecode.swift; path = SearchPresenter.swift; sourceTree = "<group>"; };
		1168D1ED2668A72100C6C6FC /* MovieGridCell.swift */ = {isa = PBXFileReference; lastKnownFileType = sourcecode.swift; path = MovieGridCell.swift; sourceTree = "<group>"; };
		1168D1F02668B29600C6C6FC /* MediaList.storyboard */ = {isa = PBXFileReference; lastKnownFileType = file.storyboard; path = MediaList.storyboard; sourceTree = "<group>"; };
		1168D1F22668B2EF00C6C6FC /* MediaListRouter.swift */ = {isa = PBXFileReference; lastKnownFileType = sourcecode.swift; path = MediaListRouter.swift; sourceTree = "<group>"; };
		1168D1F42668B31F00C6C6FC /* MediaListPresenter.swift */ = {isa = PBXFileReference; lastKnownFileType = sourcecode.swift; path = MediaListPresenter.swift; sourceTree = "<group>"; };
		1168D1F62668B33900C6C6FC /* MediaListContracts.swift */ = {isa = PBXFileReference; lastKnownFileType = sourcecode.swift; path = MediaListContracts.swift; sourceTree = "<group>"; };
		1168D1F82668B35E00C6C6FC /* MediaListBuilder.swift */ = {isa = PBXFileReference; lastKnownFileType = sourcecode.swift; path = MediaListBuilder.swift; sourceTree = "<group>"; };
		1168D1FA2668B37600C6C6FC /* MediaListViewController.swift */ = {isa = PBXFileReference; lastKnownFileType = sourcecode.swift; path = MediaListViewController.swift; sourceTree = "<group>"; };
		1168D1FD2668B3A300C6C6FC /* MediaListTableViewCell.swift */ = {isa = PBXFileReference; lastKnownFileType = sourcecode.swift; path = MediaListTableViewCell.swift; sourceTree = "<group>"; };
		1168D2012668B40600C6C6FC /* RoundedView.swift */ = {isa = PBXFileReference; lastKnownFileType = sourcecode.swift; path = RoundedView.swift; sourceTree = "<group>"; };
		1168D2032668B5FB00C6C6FC /* ShadowView.swift */ = {isa = PBXFileReference; lastKnownFileType = sourcecode.swift; path = ShadowView.swift; sourceTree = "<group>"; };
		1C2BB75CBA056064793E3760 /* Pods-MovieDBTests.release.xcconfig */ = {isa = PBXFileReference; includeInIndex = 1; lastKnownFileType = text.xcconfig; name = "Pods-MovieDBTests.release.xcconfig"; path = "Target Support Files/Pods-MovieDBTests/Pods-MovieDBTests.release.xcconfig"; sourceTree = "<group>"; };
		22307E015E7C97B37CCE0A93 /* Pods_MovieDBTests.framework */ = {isa = PBXFileReference; explicitFileType = wrapper.framework; includeInIndex = 0; path = Pods_MovieDBTests.framework; sourceTree = BUILT_PRODUCTS_DIR; };
		4EF8237C069E8C3DA0A90DB9 /* Pods-MovieDB.debug.xcconfig */ = {isa = PBXFileReference; includeInIndex = 1; lastKnownFileType = text.xcconfig; name = "Pods-MovieDB.debug.xcconfig"; path = "Target Support Files/Pods-MovieDB/Pods-MovieDB.debug.xcconfig"; sourceTree = "<group>"; };
		D11363AB135EFFD7A0655A95 /* Pods-MovieDB.release.xcconfig */ = {isa = PBXFileReference; includeInIndex = 1; lastKnownFileType = text.xcconfig; name = "Pods-MovieDB.release.xcconfig"; path = "Target Support Files/Pods-MovieDB/Pods-MovieDB.release.xcconfig"; sourceTree = "<group>"; };
		E35E9CBE8342794E08799D6B /* Pods_MovieDB.framework */ = {isa = PBXFileReference; explicitFileType = wrapper.framework; includeInIndex = 0; path = Pods_MovieDB.framework; sourceTree = BUILT_PRODUCTS_DIR; };
		E4FE530CC4082D5396282DCF /* Pods-MovieDBTests.debug.xcconfig */ = {isa = PBXFileReference; includeInIndex = 1; lastKnownFileType = text.xcconfig; name = "Pods-MovieDBTests.debug.xcconfig"; path = "Target Support Files/Pods-MovieDBTests/Pods-MovieDBTests.debug.xcconfig"; sourceTree = "<group>"; };
/* End PBXFileReference section */

/* Begin PBXFrameworksBuildPhase section */
		1168D19A26688B6C00C6C6FC /* Frameworks */ = {
			isa = PBXFrameworksBuildPhase;
			buildActionMask = 2147483647;
			files = (
				BADA911DBD0429B8FF32408C /* Pods_MovieDB.framework in Frameworks */,
			);
			runOnlyForDeploymentPostprocessing = 0;
		};
		1168D1B026688B6F00C6C6FC /* Frameworks */ = {
			isa = PBXFrameworksBuildPhase;
			buildActionMask = 2147483647;
			files = (
				28DE9C77D3CE92A1B6AEFA11 /* Pods_MovieDBTests.framework in Frameworks */,
			);
			runOnlyForDeploymentPostprocessing = 0;
		};
/* End PBXFrameworksBuildPhase section */

/* Begin PBXGroup section */
		1168D19426688B6C00C6C6FC = {
			isa = PBXGroup;
			children = (
				1168D19F26688B6C00C6C6FC /* MovieDB */,
				1168D1B626688B6F00C6C6FC /* MovieDBTests */,
				1168D19E26688B6C00C6C6FC /* Products */,
				8AAAA13BC13B75214C6651B4 /* Pods */,
				AF4E7174F8CFABF12622BB4D /* Frameworks */,
			);
			sourceTree = "<group>";
		};
		1168D19E26688B6C00C6C6FC /* Products */ = {
			isa = PBXGroup;
			children = (
				1168D19D26688B6C00C6C6FC /* MovieDB.app */,
				1168D1B326688B6F00C6C6FC /* MovieDBTests.xctest */,
			);
			name = Products;
			sourceTree = "<group>";
		};
		1168D19F26688B6C00C6C6FC /* MovieDB */ = {
			isa = PBXGroup;
			children = (
				1168D1C426688EAF00C6C6FC /* App */,
				1168D1CD26688FC900C6C6FC /* Base */,
				1168D1D02668901400C6C6FC /* Utils */,
				1168D1FF2668B3E500C6C6FC /* Views */,
				1168D1E726689C1600C6C6FC /* Network */,
				1168D1E02668997100C6C6FC /* Entities */,
				1168D1C926688F1B00C6C6FC /* Modules */,
				1168D1D4266890B500C6C6FC /* Resources */,
				1168D1D32668906800C6C6FC /* Supporting Files */,
				1168D1AE26688B6F00C6C6FC /* Info.plist */,
			);
			path = MovieDB;
			sourceTree = "<group>";
		};
		1168D1B626688B6F00C6C6FC /* MovieDBTests */ = {
			isa = PBXGroup;
			children = (
				1168D1B726688B6F00C6C6FC /* MovieDBTests.swift */,
				1168D1B926688B6F00C6C6FC /* Info.plist */,
			);
			path = MovieDBTests;
			sourceTree = "<group>";
		};
		1168D1C426688EAF00C6C6FC /* App */ = {
			isa = PBXGroup;
			children = (
				1168D1A026688B6C00C6C6FC /* AppDelegate.swift */,
				1168D1C526688ED500C6C6FC /* AppContainer.swift */,
				1168D1C726688EF400C6C6FC /* AppRouter.swift */,
			);
			path = App;
			sourceTree = "<group>";
		};
		1168D1C926688F1B00C6C6FC /* Modules */ = {
			isa = PBXGroup;
			children = (
				1168D1CA26688F2E00C6C6FC /* MainView */,
				1168D1D52668914800C6C6FC /* Search */,
				1168D1EF2668B25F00C6C6FC /* MediaList */,
			);
			path = Modules;
			sourceTree = "<group>";
		};
		1168D1CA26688F2E00C6C6FC /* MainView */ = {
			isa = PBXGroup;
			children = (
				1168D1CB26688F4C00C6C6FC /* MainViewPresenter.swift */,
				1168D1DA2668979000C6C6FC /* MainViewController.swift */,
			);
			path = MainView;
			sourceTree = "<group>";
		};
		1168D1CD26688FC900C6C6FC /* Base */ = {
			isa = PBXGroup;
			children = (
				1168D1CE26688FD800C6C6FC /* BaseNavigationController.swift */,
			);
			path = Base;
			sourceTree = "<group>";
		};
		1168D1D02668901400C6C6FC /* Utils */ = {
			isa = PBXGroup;
			children = (
				1168D1D12668902700C6C6FC /* HexToColor.swift */,
			);
			path = Utils;
			sourceTree = "<group>";
		};
		1168D1D32668906800C6C6FC /* Supporting Files */ = {
			isa = PBXGroup;
			children = (
				1168D1AB26688B6F00C6C6FC /* LaunchScreen.storyboard */,
			);
			path = "Supporting Files";
			sourceTree = "<group>";
		};
		1168D1D4266890B500C6C6FC /* Resources */ = {
			isa = PBXGroup;
			children = (
				1168D1A926688B6F00C6C6FC /* Assets.xcassets */,
			);
			path = Resources;
			sourceTree = "<group>";
		};
		1168D1D52668914800C6C6FC /* Search */ = {
			isa = PBXGroup;
			children = (
				1168D1EC2668A70C00C6C6FC /* Cells */,
				1168D1D62668916600C6C6FC /* Search.storyboard */,
				1168D1D82668918F00C6C6FC /* SearchViewController.swift */,
				1168D1DC2668989E00C6C6FC /* SearchBuilder.swift */,
				1168D1DE266898D200C6C6FC /* SearchContracts.swift */,
				1168D1E326689B8D00C6C6FC /* SearchRouter.swift */,
				1168D1E526689BD700C6C6FC /* SearchInteractor.swift */,
				1168D1EA26689CA000C6C6FC /* SearchPresenter.swift */,
			);
			path = Search;
			sourceTree = "<group>";
		};
		1168D1E02668997100C6C6FC /* Entities */ = {
			isa = PBXGroup;
			children = (
				1168D1E12668998500C6C6FC /* Media.swift */,
			);
			path = Entities;
			sourceTree = "<group>";
		};
		1168D1E726689C1600C6C6FC /* Network */ = {
			isa = PBXGroup;
			children = (
				1168D1E826689C2800C6C6FC /* APIService.swift */,
			);
			path = Network;
			sourceTree = "<group>";
		};
		1168D1EC2668A70C00C6C6FC /* Cells */ = {
			isa = PBXGroup;
			children = (
				1168D1ED2668A72100C6C6FC /* MovieGridCell.swift */,
			);
			path = Cells;
			sourceTree = "<group>";
		};
		1168D1EF2668B25F00C6C6FC /* MediaList */ = {
			isa = PBXGroup;
			children = (
				1168D1FC2668B39300C6C6FC /* Cells */,
				1168D1F02668B29600C6C6FC /* MediaList.storyboard */,
				1168D1F22668B2EF00C6C6FC /* MediaListRouter.swift */,
				1168D1F42668B31F00C6C6FC /* MediaListPresenter.swift */,
				1168D1F62668B33900C6C6FC /* MediaListContracts.swift */,
				1168D1F82668B35E00C6C6FC /* MediaListBuilder.swift */,
				1168D1FA2668B37600C6C6FC /* MediaListViewController.swift */,
			);
			path = MediaList;
			sourceTree = "<group>";
		};
		1168D1FC2668B39300C6C6FC /* Cells */ = {
			isa = PBXGroup;
			children = (
				1168D1FD2668B3A300C6C6FC /* MediaListTableViewCell.swift */,
			);
			path = Cells;
			sourceTree = "<group>";
		};
		1168D1FF2668B3E500C6C6FC /* Views */ = {
			isa = PBXGroup;
			children = (
				1168D2002668B3F600C6C6FC /* CustomViews */,
			);
			path = Views;
			sourceTree = "<group>";
		};
		1168D2002668B3F600C6C6FC /* CustomViews */ = {
			isa = PBXGroup;
			children = (
				1168D2012668B40600C6C6FC /* RoundedView.swift */,
				1168D2032668B5FB00C6C6FC /* ShadowView.swift */,
			);
			path = CustomViews;
			sourceTree = "<group>";
		};
		8AAAA13BC13B75214C6651B4 /* Pods */ = {
			isa = PBXGroup;
			children = (
				4EF8237C069E8C3DA0A90DB9 /* Pods-MovieDB.debug.xcconfig */,
				D11363AB135EFFD7A0655A95 /* Pods-MovieDB.release.xcconfig */,
				E4FE530CC4082D5396282DCF /* Pods-MovieDBTests.debug.xcconfig */,
				1C2BB75CBA056064793E3760 /* Pods-MovieDBTests.release.xcconfig */,
			);
			path = Pods;
			sourceTree = "<group>";
		};
		AF4E7174F8CFABF12622BB4D /* Frameworks */ = {
			isa = PBXGroup;
			children = (
				E35E9CBE8342794E08799D6B /* Pods_MovieDB.framework */,
				22307E015E7C97B37CCE0A93 /* Pods_MovieDBTests.framework */,
			);
			name = Frameworks;
			sourceTree = "<group>";
		};
/* End PBXGroup section */

/* Begin PBXNativeTarget section */
		1168D19C26688B6C00C6C6FC /* MovieDB */ = {
			isa = PBXNativeTarget;
			buildConfigurationList = 1168D1BC26688B6F00C6C6FC /* Build configuration list for PBXNativeTarget "MovieDB" */;
			buildPhases = (
				92C9B9C811ECF136EB82D7A8 /* [CP] Check Pods Manifest.lock */,
				1168D19926688B6C00C6C6FC /* Sources */,
				1168D19A26688B6C00C6C6FC /* Frameworks */,
				1168D19B26688B6C00C6C6FC /* Resources */,
				0CBB25BF9AA3F4CD7DA54B05 /* [CP] Embed Pods Frameworks */,
			);
			buildRules = (
			);
			dependencies = (
			);
			name = MovieDB;
			productName = MovieDB;
			productReference = 1168D19D26688B6C00C6C6FC /* MovieDB.app */;
			productType = "com.apple.product-type.application";
		};
		1168D1B226688B6F00C6C6FC /* MovieDBTests */ = {
			isa = PBXNativeTarget;
			buildConfigurationList = 1168D1BF26688B6F00C6C6FC /* Build configuration list for PBXNativeTarget "MovieDBTests" */;
			buildPhases = (
				45FDEC4CFDB7062F533025A6 /* [CP] Check Pods Manifest.lock */,
				1168D1AF26688B6F00C6C6FC /* Sources */,
				1168D1B026688B6F00C6C6FC /* Frameworks */,
				1168D1B126688B6F00C6C6FC /* Resources */,
			);
			buildRules = (
			);
			dependencies = (
				1168D1B526688B6F00C6C6FC /* PBXTargetDependency */,
			);
			name = MovieDBTests;
			productName = MovieDBTests;
			productReference = 1168D1B326688B6F00C6C6FC /* MovieDBTests.xctest */;
			productType = "com.apple.product-type.bundle.unit-test";
		};
/* End PBXNativeTarget section */

/* Begin PBXProject section */
		1168D19526688B6C00C6C6FC /* Project object */ = {
			isa = PBXProject;
			attributes = {
				LastSwiftUpdateCheck = 1170;
				LastUpgradeCheck = 1170;
				ORGANIZATIONNAME = "Jose Francisco Rosales Hernandez";
				TargetAttributes = {
					1168D19C26688B6C00C6C6FC = {
						CreatedOnToolsVersion = 11.7;
					};
					1168D1B226688B6F00C6C6FC = {
						CreatedOnToolsVersion = 11.7;
						TestTargetID = 1168D19C26688B6C00C6C6FC;
					};
				};
			};
			buildConfigurationList = 1168D19826688B6C00C6C6FC /* Build configuration list for PBXProject "MovieDB" */;
			compatibilityVersion = "Xcode 9.3";
			developmentRegion = en;
			hasScannedForEncodings = 0;
			knownRegions = (
				en,
				Base,
			);
			mainGroup = 1168D19426688B6C00C6C6FC;
			productRefGroup = 1168D19E26688B6C00C6C6FC /* Products */;
			projectDirPath = "";
			projectRoot = "";
			targets = (
				1168D19C26688B6C00C6C6FC /* MovieDB */,
				1168D1B226688B6F00C6C6FC /* MovieDBTests */,
			);
		};
/* End PBXProject section */

/* Begin PBXResourcesBuildPhase section */
		1168D19B26688B6C00C6C6FC /* Resources */ = {
			isa = PBXResourcesBuildPhase;
			buildActionMask = 2147483647;
			files = (
				1168D1AD26688B6F00C6C6FC /* LaunchScreen.storyboard in Resources */,
				1168D1D72668916600C6C6FC /* Search.storyboard in Resources */,
				1168D1AA26688B6F00C6C6FC /* Assets.xcassets in Resources */,
				1168D1F12668B29600C6C6FC /* MediaList.storyboard in Resources */,
			);
			runOnlyForDeploymentPostprocessing = 0;
		};
		1168D1B126688B6F00C6C6FC /* Resources */ = {
			isa = PBXResourcesBuildPhase;
			buildActionMask = 2147483647;
			files = (
			);
			runOnlyForDeploymentPostprocessing = 0;
		};
/* End PBXResourcesBuildPhase section */

/* Begin PBXShellScriptBuildPhase section */
		0CBB25BF9AA3F4CD7DA54B05 /* [CP] Embed Pods Frameworks */ = {
			isa = PBXShellScriptBuildPhase;
			buildActionMask = 2147483647;
			files = (
			);
			inputFileListPaths = (
				"${PODS_ROOT}/Target Support Files/Pods-MovieDB/Pods-MovieDB-frameworks-${CONFIGURATION}-input-files.xcfilelist",
			);
			name = "[CP] Embed Pods Frameworks";
			outputFileListPaths = (
				"${PODS_ROOT}/Target Support Files/Pods-MovieDB/Pods-MovieDB-frameworks-${CONFIGURATION}-output-files.xcfilelist",
			);
			runOnlyForDeploymentPostprocessing = 0;
			shellPath = /bin/sh;
			shellScript = "\"${PODS_ROOT}/Target Support Files/Pods-MovieDB/Pods-MovieDB-frameworks.sh\"\n";
			showEnvVarsInLog = 0;
		};
		45FDEC4CFDB7062F533025A6 /* [CP] Check Pods Manifest.lock */ = {
			isa = PBXShellScriptBuildPhase;
			buildActionMask = 2147483647;
			files = (
			);
			inputFileListPaths = (
			);
			inputPaths = (
				"${PODS_PODFILE_DIR_PATH}/Podfile.lock",
				"${PODS_ROOT}/Manifest.lock",
			);
			name = "[CP] Check Pods Manifest.lock";
			outputFileListPaths = (
			);
			outputPaths = (
				"$(DERIVED_FILE_DIR)/Pods-MovieDBTests-checkManifestLockResult.txt",
			);
			runOnlyForDeploymentPostprocessing = 0;
			shellPath = /bin/sh;
			shellScript = "diff \"${PODS_PODFILE_DIR_PATH}/Podfile.lock\" \"${PODS_ROOT}/Manifest.lock\" > /dev/null\nif [ $? != 0 ] ; then\n    # print error to STDERR\n    echo \"error: The sandbox is not in sync with the Podfile.lock. Run 'pod install' or update your CocoaPods installation.\" >&2\n    exit 1\nfi\n# This output is used by Xcode 'outputs' to avoid re-running this script phase.\necho \"SUCCESS\" > \"${SCRIPT_OUTPUT_FILE_0}\"\n";
			showEnvVarsInLog = 0;
		};
		92C9B9C811ECF136EB82D7A8 /* [CP] Check Pods Manifest.lock */ = {
			isa = PBXShellScriptBuildPhase;
			buildActionMask = 2147483647;
			files = (
			);
			inputFileListPaths = (
			);
			inputPaths = (
				"${PODS_PODFILE_DIR_PATH}/Podfile.lock",
				"${PODS_ROOT}/Manifest.lock",
			);
			name = "[CP] Check Pods Manifest.lock";
			outputFileListPaths = (
			);
			outputPaths = (
				"$(DERIVED_FILE_DIR)/Pods-MovieDB-checkManifestLockResult.txt",
			);
			runOnlyForDeploymentPostprocessing = 0;
			shellPath = /bin/sh;
			shellScript = "diff \"${PODS_PODFILE_DIR_PATH}/Podfile.lock\" \"${PODS_ROOT}/Manifest.lock\" > /dev/null\nif [ $? != 0 ] ; then\n    # print error to STDERR\n    echo \"error: The sandbox is not in sync with the Podfile.lock. Run 'pod install' or update your CocoaPods installation.\" >&2\n    exit 1\nfi\n# This output is used by Xcode 'outputs' to avoid re-running this script phase.\necho \"SUCCESS\" > \"${SCRIPT_OUTPUT_FILE_0}\"\n";
			showEnvVarsInLog = 0;
		};
/* End PBXShellScriptBuildPhase section */

/* Begin PBXSourcesBuildPhase section */
		1168D19926688B6C00C6C6FC /* Sources */ = {
			isa = PBXSourcesBuildPhase;
			buildActionMask = 2147483647;
			files = (
				1168D1CF26688FD800C6C6FC /* BaseNavigationController.swift in Sources */,
				1168D1E926689C2800C6C6FC /* APIService.swift in Sources */,
				1168D1D22668902700C6C6FC /* HexToColor.swift in Sources */,
				1168D2022668B40600C6C6FC /* RoundedView.swift in Sources */,
				1168D1F52668B31F00C6C6FC /* MediaListPresenter.swift in Sources */,
				1168D1E22668998500C6C6FC /* Media.swift in Sources */,
				1168D1EE2668A72100C6C6FC /* MovieGridCell.swift in Sources */,
				1168D1D92668918F00C6C6FC /* SearchViewController.swift in Sources */,
				1168D1F72668B33900C6C6FC /* MediaListContracts.swift in Sources */,
				1168D1FE2668B3A300C6C6FC /* MediaListTableViewCell.swift in Sources */,
				1168D1F32668B2EF00C6C6FC /* MediaListRouter.swift in Sources */,
				1168D1DD2668989E00C6C6FC /* SearchBuilder.swift in Sources */,
				1168D2042668B5FB00C6C6FC /* ShadowView.swift in Sources */,
				1168D1DF266898D200C6C6FC /* SearchContracts.swift in Sources */,
				1168D1E626689BD700C6C6FC /* SearchInteractor.swift in Sources */,
				1168D1C626688ED500C6C6FC /* AppContainer.swift in Sources */,
				1168D1CC26688F4C00C6C6FC /* MainViewPresenter.swift in Sources */,
				1168D1A126688B6C00C6C6FC /* AppDelegate.swift in Sources */,
				1168D1DB2668979000C6C6FC /* MainViewController.swift in Sources */,
				1168D1FB2668B37600C6C6FC /* MediaListViewController.swift in Sources */,
				1168D1F92668B35F00C6C6FC /* MediaListBuilder.swift in Sources */,
				1168D1C826688EF400C6C6FC /* AppRouter.swift in Sources */,
				1168D1EB26689CA000C6C6FC /* SearchPresenter.swift in Sources */,
				1168D1E426689B8D00C6C6FC /* SearchRouter.swift in Sources */,
			);
			runOnlyForDeploymentPostprocessing = 0;
		};
		1168D1AF26688B6F00C6C6FC /* Sources */ = {
			isa = PBXSourcesBuildPhase;
			buildActionMask = 2147483647;
			files = (
				1168D1B826688B6F00C6C6FC /* MovieDBTests.swift in Sources */,
			);
			runOnlyForDeploymentPostprocessing = 0;
		};
/* End PBXSourcesBuildPhase section */

/* Begin PBXTargetDependency section */
		1168D1B526688B6F00C6C6FC /* PBXTargetDependency */ = {
			isa = PBXTargetDependency;
			target = 1168D19C26688B6C00C6C6FC /* MovieDB */;
			targetProxy = 1168D1B426688B6F00C6C6FC /* PBXContainerItemProxy */;
		};
/* End PBXTargetDependency section */

/* Begin PBXVariantGroup section */
		1168D1AB26688B6F00C6C6FC /* LaunchScreen.storyboard */ = {
			isa = PBXVariantGroup;
			children = (
				1168D1AC26688B6F00C6C6FC /* Base */,
			);
			name = LaunchScreen.storyboard;
			sourceTree = "<group>";
		};
/* End PBXVariantGroup section */

/* Begin XCBuildConfiguration section */
		1168D1BA26688B6F00C6C6FC /* Debug */ = {
			isa = XCBuildConfiguration;
			buildSettings = {
				ALWAYS_SEARCH_USER_PATHS = NO;
				CLANG_ANALYZER_NONNULL = YES;
				CLANG_ANALYZER_NUMBER_OBJECT_CONVERSION = YES_AGGRESSIVE;
				CLANG_CXX_LANGUAGE_STANDARD = "gnu++14";
				CLANG_CXX_LIBRARY = "libc++";
				CLANG_ENABLE_MODULES = YES;
				CLANG_ENABLE_OBJC_ARC = YES;
				CLANG_ENABLE_OBJC_WEAK = YES;
				CLANG_WARN_BLOCK_CAPTURE_AUTORELEASING = YES;
				CLANG_WARN_BOOL_CONVERSION = YES;
				CLANG_WARN_COMMA = YES;
				CLANG_WARN_CONSTANT_CONVERSION = YES;
				CLANG_WARN_DEPRECATED_OBJC_IMPLEMENTATIONS = YES;
				CLANG_WARN_DIRECT_OBJC_ISA_USAGE = YES_ERROR;
				CLANG_WARN_DOCUMENTATION_COMMENTS = YES;
				CLANG_WARN_EMPTY_BODY = YES;
				CLANG_WARN_ENUM_CONVERSION = YES;
				CLANG_WARN_INFINITE_RECURSION = YES;
				CLANG_WARN_INT_CONVERSION = YES;
				CLANG_WARN_NON_LITERAL_NULL_CONVERSION = YES;
				CLANG_WARN_OBJC_IMPLICIT_RETAIN_SELF = YES;
				CLANG_WARN_OBJC_LITERAL_CONVERSION = YES;
				CLANG_WARN_OBJC_ROOT_CLASS = YES_ERROR;
				CLANG_WARN_RANGE_LOOP_ANALYSIS = YES;
				CLANG_WARN_STRICT_PROTOTYPES = YES;
				CLANG_WARN_SUSPICIOUS_MOVE = YES;
				CLANG_WARN_UNGUARDED_AVAILABILITY = YES_AGGRESSIVE;
				CLANG_WARN_UNREACHABLE_CODE = YES;
				CLANG_WARN__DUPLICATE_METHOD_MATCH = YES;
				COPY_PHASE_STRIP = NO;
				DEBUG_INFORMATION_FORMAT = dwarf;
				ENABLE_STRICT_OBJC_MSGSEND = YES;
				ENABLE_TESTABILITY = YES;
				GCC_C_LANGUAGE_STANDARD = gnu11;
				GCC_DYNAMIC_NO_PIC = NO;
				GCC_NO_COMMON_BLOCKS = YES;
				GCC_OPTIMIZATION_LEVEL = 0;
				GCC_PREPROCESSOR_DEFINITIONS = (
					"DEBUG=1",
					"$(inherited)",
				);
				GCC_WARN_64_TO_32_BIT_CONVERSION = YES;
				GCC_WARN_ABOUT_RETURN_TYPE = YES_ERROR;
				GCC_WARN_UNDECLARED_SELECTOR = YES;
				GCC_WARN_UNINITIALIZED_AUTOS = YES_AGGRESSIVE;
				GCC_WARN_UNUSED_FUNCTION = YES;
				GCC_WARN_UNUSED_VARIABLE = YES;
				IPHONEOS_DEPLOYMENT_TARGET = 13.7;
				MTL_ENABLE_DEBUG_INFO = INCLUDE_SOURCE;
				MTL_FAST_MATH = YES;
				ONLY_ACTIVE_ARCH = YES;
				SDKROOT = iphoneos;
				SWIFT_ACTIVE_COMPILATION_CONDITIONS = DEBUG;
				SWIFT_OPTIMIZATION_LEVEL = "-Onone";
			};
			name = Debug;
		};
		1168D1BB26688B6F00C6C6FC /* Release */ = {
			isa = XCBuildConfiguration;
			buildSettings = {
				ALWAYS_SEARCH_USER_PATHS = NO;
				CLANG_ANALYZER_NONNULL = YES;
				CLANG_ANALYZER_NUMBER_OBJECT_CONVERSION = YES_AGGRESSIVE;
				CLANG_CXX_LANGUAGE_STANDARD = "gnu++14";
				CLANG_CXX_LIBRARY = "libc++";
				CLANG_ENABLE_MODULES = YES;
				CLANG_ENABLE_OBJC_ARC = YES;
				CLANG_ENABLE_OBJC_WEAK = YES;
				CLANG_WARN_BLOCK_CAPTURE_AUTORELEASING = YES;
				CLANG_WARN_BOOL_CONVERSION = YES;
				CLANG_WARN_COMMA = YES;
				CLANG_WARN_CONSTANT_CONVERSION = YES;
				CLANG_WARN_DEPRECATED_OBJC_IMPLEMENTATIONS = YES;
				CLANG_WARN_DIRECT_OBJC_ISA_USAGE = YES_ERROR;
				CLANG_WARN_DOCUMENTATION_COMMENTS = YES;
				CLANG_WARN_EMPTY_BODY = YES;
				CLANG_WARN_ENUM_CONVERSION = YES;
				CLANG_WARN_INFINITE_RECURSION = YES;
				CLANG_WARN_INT_CONVERSION = YES;
				CLANG_WARN_NON_LITERAL_NULL_CONVERSION = YES;
				CLANG_WARN_OBJC_IMPLICIT_RETAIN_SELF = YES;
				CLANG_WARN_OBJC_LITERAL_CONVERSION = YES;
				CLANG_WARN_OBJC_ROOT_CLASS = YES_ERROR;
				CLANG_WARN_RANGE_LOOP_ANALYSIS = YES;
				CLANG_WARN_STRICT_PROTOTYPES = YES;
				CLANG_WARN_SUSPICIOUS_MOVE = YES;
				CLANG_WARN_UNGUARDED_AVAILABILITY = YES_AGGRESSIVE;
				CLANG_WARN_UNREACHABLE_CODE = YES;
				CLANG_WARN__DUPLICATE_METHOD_MATCH = YES;
				COPY_PHASE_STRIP = NO;
				DEBUG_INFORMATION_FORMAT = "dwarf-with-dsym";
				ENABLE_NS_ASSERTIONS = NO;
				ENABLE_STRICT_OBJC_MSGSEND = YES;
				GCC_C_LANGUAGE_STANDARD = gnu11;
				GCC_NO_COMMON_BLOCKS = YES;
				GCC_WARN_64_TO_32_BIT_CONVERSION = YES;
				GCC_WARN_ABOUT_RETURN_TYPE = YES_ERROR;
				GCC_WARN_UNDECLARED_SELECTOR = YES;
				GCC_WARN_UNINITIALIZED_AUTOS = YES_AGGRESSIVE;
				GCC_WARN_UNUSED_FUNCTION = YES;
				GCC_WARN_UNUSED_VARIABLE = YES;
				IPHONEOS_DEPLOYMENT_TARGET = 13.7;
				MTL_ENABLE_DEBUG_INFO = NO;
				MTL_FAST_MATH = YES;
				SDKROOT = iphoneos;
				SWIFT_COMPILATION_MODE = wholemodule;
				SWIFT_OPTIMIZATION_LEVEL = "-O";
				VALIDATE_PRODUCT = YES;
			};
			name = Release;
		};
		1168D1BD26688B6F00C6C6FC /* Debug */ = {
			isa = XCBuildConfiguration;
			baseConfigurationReference = 4EF8237C069E8C3DA0A90DB9 /* Pods-MovieDB.debug.xcconfig */;
			buildSettings = {
				ASSETCATALOG_COMPILER_APPICON_NAME = AppIcon;
				CODE_SIGN_STYLE = Automatic;
				INFOPLIST_FILE = MovieDB/Info.plist;
				IPHONEOS_DEPLOYMENT_TARGET = 11.0;
				LD_RUNPATH_SEARCH_PATHS = (
					"$(inherited)",
					"@executable_path/Frameworks",
				);
				PRODUCT_BUNDLE_IDENTIFIER = com.francisco.MovieDB;
				PRODUCT_NAME = "$(TARGET_NAME)";
				SWIFT_VERSION = 5.0;
				TARGETED_DEVICE_FAMILY = 1;
			};
			name = Debug;
		};
		1168D1BE26688B6F00C6C6FC /* Release */ = {
			isa = XCBuildConfiguration;
			baseConfigurationReference = D11363AB135EFFD7A0655A95 /* Pods-MovieDB.release.xcconfig */;
			buildSettings = {
				ASSETCATALOG_COMPILER_APPICON_NAME = AppIcon;
				CODE_SIGN_STYLE = Automatic;
				INFOPLIST_FILE = MovieDB/Info.plist;
				IPHONEOS_DEPLOYMENT_TARGET = 11.0;
				LD_RUNPATH_SEARCH_PATHS = (
					"$(inherited)",
					"@executable_path/Frameworks",
				);
				PRODUCT_BUNDLE_IDENTIFIER = com.francisco.MovieDB;
				PRODUCT_NAME = "$(TARGET_NAME)";
				SWIFT_VERSION = 5.0;
				TARGETED_DEVICE_FAMILY = 1;
			};
			name = Release;
		};
		1168D1C026688B6F00C6C6FC /* Debug */ = {
			isa = XCBuildConfiguration;
			baseConfigurationReference = E4FE530CC4082D5396282DCF /* Pods-MovieDBTests.debug.xcconfig */;
			buildSettings = {
				ALWAYS_EMBED_SWIFT_STANDARD_LIBRARIES = YES;
				BUNDLE_LOADER = "$(TEST_HOST)";
				CODE_SIGN_STYLE = Automatic;
				INFOPLIST_FILE = MovieDBTests/Info.plist;
				IPHONEOS_DEPLOYMENT_TARGET = 13.7;
				LD_RUNPATH_SEARCH_PATHS = (
					"$(inherited)",
					"@executable_path/Frameworks",
					"@loader_path/Frameworks",
				);
				PRODUCT_BUNDLE_IDENTIFIER = com.francisco.MovieDBTests;
				PRODUCT_NAME = "$(TARGET_NAME)";
				SWIFT_VERSION = 5.0;
				TARGETED_DEVICE_FAMILY = "1,2";
				TEST_HOST = "$(BUILT_PRODUCTS_DIR)/MovieDB.app/MovieDB";
			};
			name = Debug;
		};
		1168D1C126688B6F00C6C6FC /* Release */ = {
			isa = XCBuildConfiguration;
			baseConfigurationReference = 1C2BB75CBA056064793E3760 /* Pods-MovieDBTests.release.xcconfig */;
			buildSettings = {
				ALWAYS_EMBED_SWIFT_STANDARD_LIBRARIES = YES;
				BUNDLE_LOADER = "$(TEST_HOST)";
				CODE_SIGN_STYLE = Automatic;
				INFOPLIST_FILE = MovieDBTests/Info.plist;
				IPHONEOS_DEPLOYMENT_TARGET = 13.7;
				LD_RUNPATH_SEARCH_PATHS = (
					"$(inherited)",
					"@executable_path/Frameworks",
					"@loader_path/Frameworks",
				);
				PRODUCT_BUNDLE_IDENTIFIER = com.francisco.MovieDBTests;
				PRODUCT_NAME = "$(TARGET_NAME)";
				SWIFT_VERSION = 5.0;
				TARGETED_DEVICE_FAMILY = "1,2";
				TEST_HOST = "$(BUILT_PRODUCTS_DIR)/MovieDB.app/MovieDB";
			};
			name = Release;
		};
/* End XCBuildConfiguration section */

/* Begin XCConfigurationList section */
		1168D19826688B6C00C6C6FC /* Build configuration list for PBXProject "MovieDB" */ = {
			isa = XCConfigurationList;
			buildConfigurations = (
				1168D1BA26688B6F00C6C6FC /* Debug */,
				1168D1BB26688B6F00C6C6FC /* Release */,
			);
			defaultConfigurationIsVisible = 0;
			defaultConfigurationName = Release;
		};
		1168D1BC26688B6F00C6C6FC /* Build configuration list for PBXNativeTarget "MovieDB" */ = {
			isa = XCConfigurationList;
			buildConfigurations = (
				1168D1BD26688B6F00C6C6FC /* Debug */,
				1168D1BE26688B6F00C6C6FC /* Release */,
			);
			defaultConfigurationIsVisible = 0;
			defaultConfigurationName = Release;
		};
		1168D1BF26688B6F00C6C6FC /* Build configuration list for PBXNativeTarget "MovieDBTests" */ = {
			isa = XCConfigurationList;
			buildConfigurations = (
				1168D1C026688B6F00C6C6FC /* Debug */,
				1168D1C126688B6F00C6C6FC /* Release */,
			);
			defaultConfigurationIsVisible = 0;
			defaultConfigurationName = Release;
		};
/* End XCConfigurationList section */
	};
	rootObject = 1168D19526688B6C00C6C6FC /* Project object */;
}
